
Microsoft Visual Studio Solution File, Format Version 12.00
# Visual Studio Version 17
VisualStudioVersion = 17.5.33502.453
MinimumVisualStudioVersion = 10.0.40219.1
Project("{2150E333-8FDC-42A3-9474-1A3956D46DE8}") = "Internal", "Internal", "{6633E8B3-B34B-45C2-A2C1-0783C81ADD5D}"
	ProjectSection(SolutionItems) = preProject
		Internal\.editorconfig = Internal\.editorconfig
	EndProjectSection
EndProject
Project("{2150E333-8FDC-42A3-9474-1A3956D46DE8}") = "Scripts", "Scripts", "{B204FAA2-DEB2-49F4-B05F-193629E2C9D7}"
EndProject
Project("{2150E333-8FDC-42A3-9474-1A3956D46DE8}") = "Dlls", "Dlls", "{FCECBFDC-EBD5-4CBC-ADD9-FB4A4391FB9D}"
	ProjectSection(SolutionItems) = preProject
		Dlls\ABOUT.md = Dlls\ABOUT.md
	EndProjectSection
EndProject
Project("{2150E333-8FDC-42A3-9474-1A3956D46DE8}") = "CompanionFiles", "CompanionFiles", "{46B2F867-EE00-42BF-8B8C-96F9D4403341}"
EndProject
Project("{2150E333-8FDC-42A3-9474-1A3956D46DE8}") = "Skyline DataMiner", "Skyline DataMiner", "{1D2C00E8-9823-49FC-900C-A2C9F080B3E0}"
	ProjectSection(SolutionItems) = preProject
		CompanionFiles\Skyline DataMiner\AboutThisFolder.md = CompanionFiles\Skyline DataMiner\AboutThisFolder.md
	EndProjectSection
EndProject
Project("{2150E333-8FDC-42A3-9474-1A3956D46DE8}") = "Documentation", "Documentation", "{D50379EF-D912-441F-A10A-47E6C1663CC2}"
	ProjectSection(SolutionItems) = preProject
		Documentation\ABOUT.md = Documentation\ABOUT.md
		README.md = README.md
	EndProjectSection
EndProject
Project("{2150E333-8FDC-42A3-9474-1A3956D46DE8}") = "Tests", "Tests", "{F8938D60-51A0-4880-9CFC-19C66379BB5D}"
EndProject
Project("{2150E333-8FDC-42A3-9474-1A3956D46DE8}") = "Code Analysis", "Code Analysis", "{8D8C3991-77EE-4F6D-B99D-08640CFAAC17}"
	ProjectSection(SolutionItems) = preProject
		Internal\Code Analysis\qaction-debug.ruleset = Internal\Code Analysis\qaction-debug.ruleset
		Internal\Code Analysis\qaction-release.ruleset = Internal\Code Analysis\qaction-release.ruleset
		Internal\Code Analysis\stylecop.json = Internal\Code Analysis\stylecop.json
	EndProjectSection
EndProject
Project("{2150E333-8FDC-42A3-9474-1A3956D46DE8}") = "SLC-GQIDS-ParameterTrendPercentages", "SLC-GQIDS-ParameterTrendPercentages", "{7AF9B767-5652-4427-BB2A-2ACA679B46D4}"
	ProjectSection(SolutionItems) = preProject
		SLC-GQIDS-ParameterTrendPercentages.xml = SLC-GQIDS-ParameterTrendPercentages.xml
	EndProjectSection
EndProject
Project("{2150E333-8FDC-42A3-9474-1A3956D46DE8}") = "Actions", "Actions", "{9F10068E-3967-4193-B861-7F98F827E9B7}"
EndProject
Project("{9A19103F-16F7-4668-BE54-9A1E7A4F7556}") = "SLC-GQIDS-ParameterTrendPercentages_1", "SLC-GQIDS-ParameterTrendPercentages_1\SLC-GQIDS-ParameterTrendPercentages_1.csproj", "{5D75DEDF-474A-4245-B102-9CE590C00AD4}"
EndProject
Global
	GlobalSection(SolutionConfigurationPlatforms) = preSolution
		Debug|Any CPU = Debug|Any CPU
		Release|Any CPU = Release|Any CPU
	EndGlobalSection
	GlobalSection(ProjectConfigurationPlatforms) = postSolution
		{5D75DEDF-474A-4245-B102-9CE590C00AD4}.Debug|Any CPU.ActiveCfg = Debug|Any CPU
		{5D75DEDF-474A-4245-B102-9CE590C00AD4}.Debug|Any CPU.Build.0 = Debug|Any CPU
		{5D75DEDF-474A-4245-B102-9CE590C00AD4}.Release|Any CPU.ActiveCfg = Release|Any CPU
		{5D75DEDF-474A-4245-B102-9CE590C00AD4}.Release|Any CPU.Build.0 = Release|Any CPU
	EndGlobalSection
	GlobalSection(SolutionProperties) = preSolution
		HideSolutionNode = FALSE
	EndGlobalSection
	GlobalSection(NestedProjects) = preSolution
		{1D2C00E8-9823-49FC-900C-A2C9F080B3E0} = {46B2F867-EE00-42BF-8B8C-96F9D4403341}
		{8D8C3991-77EE-4F6D-B99D-08640CFAAC17} = {6633E8B3-B34B-45C2-A2C1-0783C81ADD5D}
		{7AF9B767-5652-4427-BB2A-2ACA679B46D4} = {B204FAA2-DEB2-49F4-B05F-193629E2C9D7}
		{9F10068E-3967-4193-B861-7F98F827E9B7} = {7AF9B767-5652-4427-BB2A-2ACA679B46D4}
		{5D75DEDF-474A-4245-B102-9CE590C00AD4} = {9F10068E-3967-4193-B861-7F98F827E9B7}
	EndGlobalSection
	GlobalSection(ExtensibilityGlobals) = postSolution
		SolutionGuid = {3F0BB850-357E-4DC1-B976-4522BE94F029}
	EndGlobalSection
EndGlobal
